
Microsoft Visual Studio Solution File, Format Version 12.00
# Visual Studio Version 16
VisualStudioVersion = 16.0.29411.138
MinimumVisualStudioVersion = 10.0.40219.1
Project("{9A19103F-16F7-4668-BE54-9A1E7A4F7556}") = "Timeta", "Timeta\Timeta.csproj", "{8AB0C828-4277-45C1-A744-AA454317A7ED}"
EndProject
Project("{9A19103F-16F7-4668-BE54-9A1E7A4F7556}") = "Timeta.Domain", "Timeta.Domain\Timeta.Domain.csproj", "{1374FE49-D752-43C4-8258-D57936C49D11}"
EndProject
Project("{9A19103F-16F7-4668-BE54-9A1E7A4F7556}") = "Timeta.Tests", "Timeta.Tests\Timeta.Tests.csproj", "{A5D99A48-7A7A-47BF-9B22-BA0F66A8DC01}"
EndProject
Project("{2150E333-8FDC-42A3-9474-1A3956D46DE8}") = "Root", "Root", "{2B9F4117-1C31-40DB-9931-138A3B30E737}"
	ProjectSection(SolutionItems) = preProject
		.gitignore = .gitignore
		README.md = README.md
	EndProjectSection
EndProject
Global
	GlobalSection(SolutionConfigurationPlatforms) = preSolution
		Debug|Any CPU = Debug|Any CPU
		Release|Any CPU = Release|Any CPU
	EndGlobalSection
	GlobalSection(ProjectConfigurationPlatforms) = postSolution
		{8AB0C828-4277-45C1-A744-AA454317A7ED}.Debug|Any CPU.ActiveCfg = Debug|Any CPU
		{8AB0C828-4277-45C1-A744-AA454317A7ED}.Debug|Any CPU.Build.0 = Debug|Any CPU
		{8AB0C828-4277-45C1-A744-AA454317A7ED}.Release|Any CPU.ActiveCfg = Release|Any CPU
		{8AB0C828-4277-45C1-A744-AA454317A7ED}.Release|Any CPU.Build.0 = Release|Any CPU
		{1374FE49-D752-43C4-8258-D57936C49D11}.Debug|Any CPU.ActiveCfg = Debug|Any CPU
		{1374FE49-D752-43C4-8258-D57936C49D11}.Debug|Any CPU.Build.0 = Debug|Any CPU
		{1374FE49-D752-43C4-8258-D57936C49D11}.Release|Any CPU.ActiveCfg = Release|Any CPU
		{1374FE49-D752-43C4-8258-D57936C49D11}.Release|Any CPU.Build.0 = Release|Any CPU
		{A5D99A48-7A7A-47BF-9B22-BA0F66A8DC01}.Debug|Any CPU.ActiveCfg = Debug|Any CPU
		{A5D99A48-7A7A-47BF-9B22-BA0F66A8DC01}.Debug|Any CPU.Build.0 = Debug|Any CPU
		{A5D99A48-7A7A-47BF-9B22-BA0F66A8DC01}.Release|Any CPU.ActiveCfg = Release|Any CPU
		{A5D99A48-7A7A-47BF-9B22-BA0F66A8DC01}.Release|Any CPU.Build.0 = Release|Any CPU
	EndGlobalSection
	GlobalSection(SolutionProperties) = preSolution
		HideSolutionNode = FALSE
	EndGlobalSection
	GlobalSection(ExtensibilityGlobals) = postSolution
		SolutionGuid = {D21ACF3E-FA73-4174-A281-4A5E6C45198D}
	EndGlobalSection
EndGlobal
